
Microsoft Visual Studio Solution File, Format Version 12.00
# Visual Studio Version 17
VisualStudioVersion = 17.8.34601.278
MinimumVisualStudioVersion = 10.0.40219.1
Project("{FAE04EC0-301F-11D3-BF4B-00C04F79EFBC}") = "HRM", "HRM\HRM.csproj", "{68B75F73-9275-4D4A-BEF0-789E9510BC9D}"
EndProject
Global
	GlobalSection(SolutionConfigurationPlatforms) = preSolution
		Debug|Any CPU = Debug|Any CPU
		Release|Any CPU = Release|Any CPU
	EndGlobalSection
	GlobalSection(ProjectConfigurationPlatforms) = postSolution
		{68B75F73-9275-4D4A-BEF0-789E9510BC9D}.Debug|Any CPU.ActiveCfg = Debug|Any CPU
		{68B75F73-9275-4D4A-BEF0-789E9510BC9D}.Debug|Any CPU.Build.0 = Debug|Any CPU
		{68B75F73-9275-4D4A-BEF0-789E9510BC9D}.Release|Any CPU.ActiveCfg = Release|Any CPU
		{68B75F73-9275-4D4A-BEF0-789E9510BC9D}.Release|Any CPU.Build.0 = Release|Any CPU
	EndGlobalSection
	GlobalSection(SolutionProperties) = preSolution
		HideSolutionNode = FALSE
	EndGlobalSection
	GlobalSection(ExtensibilityGlobals) = postSolution
		SolutionGuid = {686AE4F3-0E71-48FF-AAC0-8DDE2490ABC9}
	EndGlobalSection
EndGlobal
